// !$*UTF8*$!
{
	archiveVersion = 1;
	classes = {
	};
	objectVersion = 50;
	objects = {

/* Begin PBXBuildFile section */
		BF27713F24ABF7ED002AE9BE /* Grid.swift in Sources */ = {isa = PBXBuildFile; fileRef = BF27713E24ABF7ED002AE9BE /* Grid.swift */; };
		BF27714124ABFDB0002AE9BE /* GridLayout.swift in Sources */ = {isa = PBXBuildFile; fileRef = BF27714024ABFDB0002AE9BE /* GridLayout.swift */; };
		BF27714324AC057A002AE9BE /* Array+Identifiable.swift in Sources */ = {isa = PBXBuildFile; fileRef = BF27714224AC057A002AE9BE /* Array+Identifiable.swift */; };
		BF27714524AC1BBD002AE9BE /* Array+Only.swift in Sources */ = {isa = PBXBuildFile; fileRef = BF27714424AC1BBD002AE9BE /* Array+Only.swift */; };
		BF27715524AC72CE002AE9BE /* Pie.swift in Sources */ = {isa = PBXBuildFile; fileRef = BF27715424AC72CE002AE9BE /* Pie.swift */; };
		BF27715724AC764B002AE9BE /* Cardify.swift in Sources */ = {isa = PBXBuildFile; fileRef = BF27715624AC764B002AE9BE /* Cardify.swift */; };
		BF52404F24B190DC00DF36B5 /* ThemeSelection.swift in Sources */ = {isa = PBXBuildFile; fileRef = BF52404E24B190DC00DF36B5 /* ThemeSelection.swift */; };
		BF9F8F2124AAB19100C87F61 /* AppDelegate.swift in Sources */ = {isa = PBXBuildFile; fileRef = BF9F8F2024AAB19100C87F61 /* AppDelegate.swift */; };
		BF9F8F2324AAB19100C87F61 /* SceneDelegate.swift in Sources */ = {isa = PBXBuildFile; fileRef = BF9F8F2224AAB19100C87F61 /* SceneDelegate.swift */; };
		BF9F8F2524AAB19100C87F61 /* EmojiMemoryGameView.swift in Sources */ = {isa = PBXBuildFile; fileRef = BF9F8F2424AAB19100C87F61 /* EmojiMemoryGameView.swift */; };
		BF9F8F2724AAB19400C87F61 /* Assets.xcassets in Resources */ = {isa = PBXBuildFile; fileRef = BF9F8F2624AAB19400C87F61 /* Assets.xcassets */; };
		BF9F8F2A24AAB19400C87F61 /* Preview Assets.xcassets in Resources */ = {isa = PBXBuildFile; fileRef = BF9F8F2924AAB19400C87F61 /* Preview Assets.xcassets */; };
		BF9F8F2D24AAB19400C87F61 /* LaunchScreen.storyboard in Resources */ = {isa = PBXBuildFile; fileRef = BF9F8F2B24AAB19400C87F61 /* LaunchScreen.storyboard */; };
		BF9F8F3724AAB38200C87F61 /* MemoryGame.swift in Sources */ = {isa = PBXBuildFile; fileRef = BF9F8F3624AAB38200C87F61 /* MemoryGame.swift */; };
		BF9F8F3924AAB41100C87F61 /* EmojiMemoryGame.swift in Sources */ = {isa = PBXBuildFile; fileRef = BF9F8F3824AAB41100C87F61 /* EmojiMemoryGame.swift */; };
		BFEB645C24B02E2200F5B00B /* ScoringAnimation.swift in Sources */ = {isa = PBXBuildFile; fileRef = BFEB645B24B02E2200F5B00B /* ScoringAnimation.swift */; };
/* End PBXBuildFile section */

/* Begin PBXFileReference section */
		BF27713E24ABF7ED002AE9BE /* Grid.swift */ = {isa = PBXFileReference; lastKnownFileType = sourcecode.swift; path = Grid.swift; sourceTree = "<group>"; };
		BF27714024ABFDB0002AE9BE /* GridLayout.swift */ = {isa = PBXFileReference; fileEncoding = 4; lastKnownFileType = sourcecode.swift; path = GridLayout.swift; sourceTree = "<group>"; };
		BF27714224AC057A002AE9BE /* Array+Identifiable.swift */ = {isa = PBXFileReference; lastKnownFileType = sourcecode.swift; path = "Array+Identifiable.swift"; sourceTree = "<group>"; };
		BF27714424AC1BBD002AE9BE /* Array+Only.swift */ = {isa = PBXFileReference; lastKnownFileType = sourcecode.swift; path = "Array+Only.swift"; sourceTree = "<group>"; };
		BF27715424AC72CE002AE9BE /* Pie.swift */ = {isa = PBXFileReference; lastKnownFileType = sourcecode.swift; path = Pie.swift; sourceTree = "<group>"; };
		BF27715624AC764B002AE9BE /* Cardify.swift */ = {isa = PBXFileReference; lastKnownFileType = sourcecode.swift; path = Cardify.swift; sourceTree = "<group>"; };
		BF52404E24B190DC00DF36B5 /* ThemeSelection.swift */ = {isa = PBXFileReference; lastKnownFileType = sourcecode.swift; path = ThemeSelection.swift; sourceTree = "<group>"; };
		BF9F8F1D24AAB19100C87F61 /* Memorize.app */ = {isa = PBXFileReference; explicitFileType = wrapper.application; includeInIndex = 0; path = Memorize.app; sourceTree = BUILT_PRODUCTS_DIR; };
		BF9F8F2024AAB19100C87F61 /* AppDelegate.swift */ = {isa = PBXFileReference; lastKnownFileType = sourcecode.swift; path = AppDelegate.swift; sourceTree = "<group>"; };
		BF9F8F2224AAB19100C87F61 /* SceneDelegate.swift */ = {isa = PBXFileReference; lastKnownFileType = sourcecode.swift; path = SceneDelegate.swift; sourceTree = "<group>"; };
		BF9F8F2424AAB19100C87F61 /* EmojiMemoryGameView.swift */ = {isa = PBXFileReference; lastKnownFileType = sourcecode.swift; path = EmojiMemoryGameView.swift; sourceTree = "<group>"; };
		BF9F8F2624AAB19400C87F61 /* Assets.xcassets */ = {isa = PBXFileReference; lastKnownFileType = folder.assetcatalog; path = Assets.xcassets; sourceTree = "<group>"; };
		BF9F8F2924AAB19400C87F61 /* Preview Assets.xcassets */ = {isa = PBXFileReference; lastKnownFileType = folder.assetcatalog; path = "Preview Assets.xcassets"; sourceTree = "<group>"; };
		BF9F8F2C24AAB19400C87F61 /* Base */ = {isa = PBXFileReference; lastKnownFileType = file.storyboard; name = Base; path = Base.lproj/LaunchScreen.storyboard; sourceTree = "<group>"; };
		BF9F8F2E24AAB19400C87F61 /* Info.plist */ = {isa = PBXFileReference; lastKnownFileType = text.plist.xml; path = Info.plist; sourceTree = "<group>"; };
		BF9F8F3624AAB38200C87F61 /* MemoryGame.swift */ = {isa = PBXFileReference; lastKnownFileType = sourcecode.swift; name = MemoryGame.swift; path = Memorize/Model/MemoryGame.swift; sourceTree = SOURCE_ROOT; };
		BF9F8F3824AAB41100C87F61 /* EmojiMemoryGame.swift */ = {isa = PBXFileReference; lastKnownFileType = sourcecode.swift; path = EmojiMemoryGame.swift; sourceTree = "<group>"; };
		BFEB645B24B02E2200F5B00B /* ScoringAnimation.swift */ = {isa = PBXFileReference; lastKnownFileType = sourcecode.swift; path = ScoringAnimation.swift; sourceTree = "<group>"; };
/* End PBXFileReference section */

/* Begin PBXFrameworksBuildPhase section */
		BF9F8F1A24AAB19100C87F61 /* Frameworks */ = {
			isa = PBXFrameworksBuildPhase;
			buildActionMask = 2147483647;
			files = (
			);
			runOnlyForDeploymentPostprocessing = 0;
		};
/* End PBXFrameworksBuildPhase section */

/* Begin PBXGroup section */
		BF27715024AC2290002AE9BE /* Views */ = {
			isa = PBXGroup;
			children = (
				BF9F8F2424AAB19100C87F61 /* EmojiMemoryGameView.swift */,
				BF52404E24B190DC00DF36B5 /* ThemeSelection.swift */,
				BF27715624AC764B002AE9BE /* Cardify.swift */,
				BF27715424AC72CE002AE9BE /* Pie.swift */,
				BFEB645B24B02E2200F5B00B /* ScoringAnimation.swift */,
				BF27713E24ABF7ED002AE9BE /* Grid.swift */,
				BF27714024ABFDB0002AE9BE /* GridLayout.swift */,
			);
			path = Views;
			sourceTree = "<group>";
		};
		BF27715124AC22A3002AE9BE /* View Model */ = {
			isa = PBXGroup;
			children = (
				BF9F8F3824AAB41100C87F61 /* EmojiMemoryGame.swift */,
			);
			path = "View Model";
			sourceTree = "<group>";
		};
		BF27715224AC22B9002AE9BE /* Model */ = {
			isa = PBXGroup;
			children = (
				BF9F8F3624AAB38200C87F61 /* MemoryGame.swift */,
			);
			path = Model;
			sourceTree = "<group>";
		};
		BF27715324AC22C7002AE9BE /* Extensions */ = {
			isa = PBXGroup;
			children = (
				BF27714224AC057A002AE9BE /* Array+Identifiable.swift */,
				BF27714424AC1BBD002AE9BE /* Array+Only.swift */,
			);
			path = Extensions;
			sourceTree = "<group>";
		};
		BF9F8F1424AAB19100C87F61 = {
			isa = PBXGroup;
			children = (
				BF9F8F1F24AAB19100C87F61 /* Memorize */,
				BF9F8F1E24AAB19100C87F61 /* Products */,
			);
			sourceTree = "<group>";
		};
		BF9F8F1E24AAB19100C87F61 /* Products */ = {
			isa = PBXGroup;
			children = (
				BF9F8F1D24AAB19100C87F61 /* Memorize.app */,
			);
			name = Products;
			sourceTree = "<group>";
		};
		BF9F8F1F24AAB19100C87F61 /* Memorize */ = {
			isa = PBXGroup;
			children = (
				BF9F8F2024AAB19100C87F61 /* AppDelegate.swift */,
				BF9F8F2224AAB19100C87F61 /* SceneDelegate.swift */,
				BF27715024AC2290002AE9BE /* Views */,
				BF27715124AC22A3002AE9BE /* View Model */,
				BF27715224AC22B9002AE9BE /* Model */,
				BF27715324AC22C7002AE9BE /* Extensions */,
				BF9F8F2624AAB19400C87F61 /* Assets.xcassets */,
				BF9F8F2B24AAB19400C87F61 /* LaunchScreen.storyboard */,
				BF9F8F2E24AAB19400C87F61 /* Info.plist */,
				BF9F8F2824AAB19400C87F61 /* Preview Content */,
			);
			path = Memorize;
			sourceTree = "<group>";
		};
		BF9F8F2824AAB19400C87F61 /* Preview Content */ = {
			isa = PBXGroup;
			children = (
				BF9F8F2924AAB19400C87F61 /* Preview Assets.xcassets */,
			);
			path = "Preview Content";
			sourceTree = "<group>";
		};
/* End PBXGroup section */

/* Begin PBXNativeTarget section */
		BF9F8F1C24AAB19100C87F61 /* Memorize */ = {
			isa = PBXNativeTarget;
			buildConfigurationList = BF9F8F3124AAB19400C87F61 /* Build configuration list for PBXNativeTarget "Memorize" */;
			buildPhases = (
				BF9F8F1924AAB19100C87F61 /* Sources */,
				BF9F8F1A24AAB19100C87F61 /* Frameworks */,
				BF9F8F1B24AAB19100C87F61 /* Resources */,
			);
			buildRules = (
			);
			dependencies = (
			);
			name = Memorize;
			productName = Memorize;
			productReference = BF9F8F1D24AAB19100C87F61 /* Memorize.app */;
			productType = "com.apple.product-type.application";
		};
/* End PBXNativeTarget section */

/* Begin PBXProject section */
		BF9F8F1524AAB19100C87F61 /* Project object */ = {
			isa = PBXProject;
			attributes = {
				LastSwiftUpdateCheck = 1150;
				LastUpgradeCheck = 1150;
				ORGANIZATIONNAME = "Adiel Hernandez";
				TargetAttributes = {
					BF9F8F1C24AAB19100C87F61 = {
						CreatedOnToolsVersion = 11.5;
					};
				};
			};
			buildConfigurationList = BF9F8F1824AAB19100C87F61 /* Build configuration list for PBXProject "Memorize" */;
			compatibilityVersion = "Xcode 9.3";
			developmentRegion = en;
			hasScannedForEncodings = 0;
			knownRegions = (
				en,
				Base,
			);
			mainGroup = BF9F8F1424AAB19100C87F61;
			productRefGroup = BF9F8F1E24AAB19100C87F61 /* Products */;
			projectDirPath = "";
			projectRoot = "";
			targets = (
				BF9F8F1C24AAB19100C87F61 /* Memorize */,
			);
		};
/* End PBXProject section */

/* Begin PBXResourcesBuildPhase section */
		BF9F8F1B24AAB19100C87F61 /* Resources */ = {
			isa = PBXResourcesBuildPhase;
			buildActionMask = 2147483647;
			files = (
				BF9F8F2D24AAB19400C87F61 /* LaunchScreen.storyboard in Resources */,
				BF9F8F2A24AAB19400C87F61 /* Preview Assets.xcassets in Resources */,
				BF9F8F2724AAB19400C87F61 /* Assets.xcassets in Resources */,
			);
			runOnlyForDeploymentPostprocessing = 0;
		};
/* End PBXResourcesBuildPhase section */

/* Begin PBXSourcesBuildPhase section */
		BF9F8F1924AAB19100C87F61 /* Sources */ = {
			isa = PBXSourcesBuildPhase;
			buildActionMask = 2147483647;
			files = (
				BF27715724AC764B002AE9BE /* Cardify.swift in Sources */,
				BF27715524AC72CE002AE9BE /* Pie.swift in Sources */,
				BF9F8F2124AAB19100C87F61 /* AppDelegate.swift in Sources */,
				BF9F8F2324AAB19100C87F61 /* SceneDelegate.swift in Sources */,
				BF9F8F3724AAB38200C87F61 /* MemoryGame.swift in Sources */,
				BF52404F24B190DC00DF36B5 /* ThemeSelection.swift in Sources */,
				BF27714524AC1BBD002AE9BE /* Array+Only.swift in Sources */,
				BFEB645C24B02E2200F5B00B /* ScoringAnimation.swift in Sources */,
				BF9F8F2524AAB19100C87F61 /* EmojiMemoryGameView.swift in Sources */,
				BF9F8F3924AAB41100C87F61 /* EmojiMemoryGame.swift in Sources */,
				BF27714324AC057A002AE9BE /* Array+Identifiable.swift in Sources */,
				BF27714124ABFDB0002AE9BE /* GridLayout.swift in Sources */,
				BF27713F24ABF7ED002AE9BE /* Grid.swift in Sources */,
			);
			runOnlyForDeploymentPostprocessing = 0;
		};
/* End PBXSourcesBuildPhase section */

/* Begin PBXVariantGroup section */
		BF9F8F2B24AAB19400C87F61 /* LaunchScreen.storyboard */ = {
			isa = PBXVariantGroup;
			children = (
				BF9F8F2C24AAB19400C87F61 /* Base */,
			);
			name = LaunchScreen.storyboard;
			sourceTree = "<group>";
		};
/* End PBXVariantGroup section */

/* Begin XCBuildConfiguration section */
		BF9F8F2F24AAB19400C87F61 /* Debug */ = {
			isa = XCBuildConfiguration;
			buildSettings = {
				ALWAYS_SEARCH_USER_PATHS = NO;
				CLANG_ANALYZER_NONNULL = YES;
				CLANG_ANALYZER_NUMBER_OBJECT_CONVERSION = YES_AGGRESSIVE;
				CLANG_CXX_LANGUAGE_STANDARD = "gnu++14";
				CLANG_CXX_LIBRARY = "libc++";
				CLANG_ENABLE_MODULES = YES;
				CLANG_ENABLE_OBJC_ARC = YES;
				CLANG_ENABLE_OBJC_WEAK = YES;
				CLANG_WARN_BLOCK_CAPTURE_AUTORELEASING = YES;
				CLANG_WARN_BOOL_CONVERSION = YES;
				CLANG_WARN_COMMA = YES;
				CLANG_WARN_CONSTANT_CONVERSION = YES;
				CLANG_WARN_DEPRECATED_OBJC_IMPLEMENTATIONS = YES;
				CLANG_WARN_DIRECT_OBJC_ISA_USAGE = YES_ERROR;
				CLANG_WARN_DOCUMENTATION_COMMENTS = YES;
				CLANG_WARN_EMPTY_BODY = YES;
				CLANG_WARN_ENUM_CONVERSION = YES;
				CLANG_WARN_INFINITE_RECURSION = YES;
				CLANG_WARN_INT_CONVERSION = YES;
				CLANG_WARN_NON_LITERAL_NULL_CONVERSION = YES;
				CLANG_WARN_OBJC_IMPLICIT_RETAIN_SELF = YES;
				CLANG_WARN_OBJC_LITERAL_CONVERSION = YES;
				CLANG_WARN_OBJC_ROOT_CLASS = YES_ERROR;
				CLANG_WARN_RANGE_LOOP_ANALYSIS = YES;
				CLANG_WARN_STRICT_PROTOTYPES = YES;
				CLANG_WARN_SUSPICIOUS_MOVE = YES;
				CLANG_WARN_UNGUARDED_AVAILABILITY = YES_AGGRESSIVE;
				CLANG_WARN_UNREACHABLE_CODE = YES;
				CLANG_WARN__DUPLICATE_METHOD_MATCH = YES;
				COPY_PHASE_STRIP = NO;
				DEBUG_INFORMATION_FORMAT = dwarf;
				ENABLE_STRICT_OBJC_MSGSEND = YES;
				ENABLE_TESTABILITY = YES;
				GCC_C_LANGUAGE_STANDARD = gnu11;
				GCC_DYNAMIC_NO_PIC = NO;
				GCC_NO_COMMON_BLOCKS = YES;
				GCC_OPTIMIZATION_LEVEL = 0;
				GCC_PREPROCESSOR_DEFINITIONS = (
					"DEBUG=1",
					"$(inherited)",
				);
				GCC_WARN_64_TO_32_BIT_CONVERSION = YES;
				GCC_WARN_ABOUT_RETURN_TYPE = YES_ERROR;
				GCC_WARN_UNDECLARED_SELECTOR = YES;
				GCC_WARN_UNINITIALIZED_AUTOS = YES_AGGRESSIVE;
				GCC_WARN_UNUSED_FUNCTION = YES;
				GCC_WARN_UNUSED_VARIABLE = YES;
				IPHONEOS_DEPLOYMENT_TARGET = 13.5;
				MTL_ENABLE_DEBUG_INFO = INCLUDE_SOURCE;
				MTL_FAST_MATH = YES;
				ONLY_ACTIVE_ARCH = YES;
				SDKROOT = iphoneos;
				SWIFT_ACTIVE_COMPILATION_CONDITIONS = DEBUG;
				SWIFT_OPTIMIZATION_LEVEL = "-Onone";
			};
			name = Debug;
		};
		BF9F8F3024AAB19400C87F61 /* Release */ = {
			isa = XCBuildConfiguration;
			buildSettings = {
				ALWAYS_SEARCH_USER_PATHS = NO;
				CLANG_ANALYZER_NONNULL = YES;
				CLANG_ANALYZER_NUMBER_OBJECT_CONVERSION = YES_AGGRESSIVE;
				CLANG_CXX_LANGUAGE_STANDARD = "gnu++14";
				CLANG_CXX_LIBRARY = "libc++";
				CLANG_ENABLE_MODULES = YES;
				CLANG_ENABLE_OBJC_ARC = YES;
				CLANG_ENABLE_OBJC_WEAK = YES;
				CLANG_WARN_BLOCK_CAPTURE_AUTORELEASING = YES;
				CLANG_WARN_BOOL_CONVERSION = YES;
				CLANG_WARN_COMMA = YES;
				CLANG_WARN_CONSTANT_CONVERSION = YES;
				CLANG_WARN_DEPRECATED_OBJC_IMPLEMENTATIONS = YES;
				CLANG_WARN_DIRECT_OBJC_ISA_USAGE = YES_ERROR;
				CLANG_WARN_DOCUMENTATION_COMMENTS = YES;
				CLANG_WARN_EMPTY_BODY = YES;
				CLANG_WARN_ENUM_CONVERSION = YES;
				CLANG_WARN_INFINITE_RECURSION = YES;
				CLANG_WARN_INT_CONVERSION = YES;
				CLANG_WARN_NON_LITERAL_NULL_CONVERSION = YES;
				CLANG_WARN_OBJC_IMPLICIT_RETAIN_SELF = YES;
				CLANG_WARN_OBJC_LITERAL_CONVERSION = YES;
				CLANG_WARN_OBJC_ROOT_CLASS = YES_ERROR;
				CLANG_WARN_RANGE_LOOP_ANALYSIS = YES;
				CLANG_WARN_STRICT_PROTOTYPES = YES;
				CLANG_WARN_SUSPICIOUS_MOVE = YES;
				CLANG_WARN_UNGUARDED_AVAILABILITY = YES_AGGRESSIVE;
				CLANG_WARN_UNREACHABLE_CODE = YES;
				CLANG_WARN__DUPLICATE_METHOD_MATCH = YES;
				COPY_PHASE_STRIP = NO;
				DEBUG_INFORMATION_FORMAT = "dwarf-with-dsym";
				ENABLE_NS_ASSERTIONS = NO;
				ENABLE_STRICT_OBJC_MSGSEND = YES;
				GCC_C_LANGUAGE_STANDARD = gnu11;
				GCC_NO_COMMON_BLOCKS = YES;
				GCC_WARN_64_TO_32_BIT_CONVERSION = YES;
				GCC_WARN_ABOUT_RETURN_TYPE = YES_ERROR;
				GCC_WARN_UNDECLARED_SELECTOR = YES;
				GCC_WARN_UNINITIALIZED_AUTOS = YES_AGGRESSIVE;
				GCC_WARN_UNUSED_FUNCTION = YES;
				GCC_WARN_UNUSED_VARIABLE = YES;
				IPHONEOS_DEPLOYMENT_TARGET = 13.5;
				MTL_ENABLE_DEBUG_INFO = NO;
				MTL_FAST_MATH = YES;
				SDKROOT = iphoneos;
				SWIFT_COMPILATION_MODE = wholemodule;
				SWIFT_OPTIMIZATION_LEVEL = "-O";
				VALIDATE_PRODUCT = YES;
			};
			name = Release;
		};
		BF9F8F3224AAB19400C87F61 /* Debug */ = {
			isa = XCBuildConfiguration;
			buildSettings = {
				ASSETCATALOG_COMPILER_APPICON_NAME = AppIcon;
				CODE_SIGN_STYLE = Automatic;
				DEVELOPMENT_ASSET_PATHS = "\"Memorize/Preview Content\"";
				DEVELOPMENT_TEAM = U6D3JTEZG8;
				ENABLE_PREVIEWS = YES;
				INFOPLIST_FILE = Memorize/Info.plist;
				LD_RUNPATH_SEARCH_PATHS = (
					"$(inherited)",
					"@executable_path/Frameworks",
				);
				PRODUCT_BUNDLE_IDENTIFIER = com.DrCodez.Memorize;
				PRODUCT_NAME = "$(TARGET_NAME)";
				SWIFT_VERSION = 5.0;
				TARGETED_DEVICE_FAMILY = "1,2";
			};
			name = Debug;
		};
		BF9F8F3324AAB19400C87F61 /* Release */ = {
			isa = XCBuildConfiguration;
			buildSettings = {
				ASSETCATALOG_COMPILER_APPICON_NAME = AppIcon;
				CODE_SIGN_STYLE = Automatic;
				DEVELOPMENT_ASSET_PATHS = "\"Memorize/Preview Content\"";
				DEVELOPMENT_TEAM = U6D3JTEZG8;
				ENABLE_PREVIEWS = YES;
				INFOPLIST_FILE = Memorize/Info.plist;
				LD_RUNPATH_SEARCH_PATHS = (
					"$(inherited)",
					"@executable_path/Frameworks",
				);
				PRODUCT_BUNDLE_IDENTIFIER = com.DrCodez.Memorize;
				PRODUCT_NAME = "$(TARGET_NAME)";
				SWIFT_VERSION = 5.0;
				TARGETED_DEVICE_FAMILY = "1,2";
			};
			name = Release;
		};
/* End XCBuildConfiguration section */

/* Begin XCConfigurationList section */
		BF9F8F1824AAB19100C87F61 /* Build configuration list for PBXProject "Memorize" */ = {
			isa = XCConfigurationList;
			buildConfigurations = (
				BF9F8F2F24AAB19400C87F61 /* Debug */,
				BF9F8F3024AAB19400C87F61 /* Release */,
			);
			defaultConfigurationIsVisible = 0;
			defaultConfigurationName = Release;
		};
		BF9F8F3124AAB19400C87F61 /* Build configuration list for PBXNativeTarget "Memorize" */ = {
			isa = XCConfigurationList;
			buildConfigurations = (
				BF9F8F3224AAB19400C87F61 /* Debug */,
				BF9F8F3324AAB19400C87F61 /* Release */,
			);
			defaultConfigurationIsVisible = 0;
			defaultConfigurationName = Release;
		};
/* End XCConfigurationList section */
	};
	rootObject = BF9F8F1524AAB19100C87F61 /* Project object */;
}
